// !$*UTF8*$!
{
	archiveVersion = 1;
	classes = {
	};
	objectVersion = 55;
	objects = {

/* Begin PBXBuildFile section */
		1DE8EB0328AC379200B474DE /* AppDelegate.swift in Sources */ = {isa = PBXBuildFile; fileRef = 1DE8EB0228AC379200B474DE /* AppDelegate.swift */; };
		1DE8EB0528AC379200B474DE /* SceneDelegate.swift in Sources */ = {isa = PBXBuildFile; fileRef = 1DE8EB0428AC379200B474DE /* SceneDelegate.swift */; };
		1DE8EB0728AC379200B474DE /* HomeViewController.swift in Sources */ = {isa = PBXBuildFile; fileRef = 1DE8EB0628AC379200B474DE /* HomeViewController.swift */; };
		1DE8EB0C28AC379400B474DE /* Assets.xcassets in Resources */ = {isa = PBXBuildFile; fileRef = 1DE8EB0B28AC379400B474DE /* Assets.xcassets */; };
		1DE8EB0F28AC379400B474DE /* LaunchScreen.storyboard in Resources */ = {isa = PBXBuildFile; fileRef = 1DE8EB0D28AC379400B474DE /* LaunchScreen.storyboard */; };
		1DE8EB1D28AD7BC000B474DE /* TabBarViewController.swift in Sources */ = {isa = PBXBuildFile; fileRef = 1DE8EB1C28AD7BC000B474DE /* TabBarViewController.swift */; };
		1DE8EB1F28AD7C4F00B474DE /* SearchViewController.swift in Sources */ = {isa = PBXBuildFile; fileRef = 1DE8EB1E28AD7C4F00B474DE /* SearchViewController.swift */; };
		1DE8EB2128AD7C8900B474DE /* LibraryViewController.swift in Sources */ = {isa = PBXBuildFile; fileRef = 1DE8EB2028AD7C8900B474DE /* LibraryViewController.swift */; };
		1DE8EB2528AD7F2A00B474DE /* AutiViewController.swift in Sources */ = {isa = PBXBuildFile; fileRef = 1DE8EB2428AD7F2A00B474DE /* AutiViewController.swift */; };
		1DE8EB2728AD7F5600B474DE /* WelcomeViewController.swift in Sources */ = {isa = PBXBuildFile; fileRef = 1DE8EB2628AD7F5600B474DE /* WelcomeViewController.swift */; };
		1DE8EB2928AD7FDF00B474DE /* SettingViewController.swift in Sources */ = {isa = PBXBuildFile; fileRef = 1DE8EB2828AD7FDF00B474DE /* SettingViewController.swift */; };
		1DE8EB2B28AD804E00B474DE /* ProfileViewController.swift in Sources */ = {isa = PBXBuildFile; fileRef = 1DE8EB2A28AD804E00B474DE /* ProfileViewController.swift */; };
		1DE8EB2D28AD807F00B474DE /* PlayerViewController.swift in Sources */ = {isa = PBXBuildFile; fileRef = 1DE8EB2C28AD807F00B474DE /* PlayerViewController.swift */; };
		1DE8EB2F28AD80AD00B474DE /* PlaylistViewController.swift in Sources */ = {isa = PBXBuildFile; fileRef = 1DE8EB2E28AD80AD00B474DE /* PlaylistViewController.swift */; };
		1DE8EB3128AD811100B474DE /* SearchResultsViewController.swift in Sources */ = {isa = PBXBuildFile; fileRef = 1DE8EB3028AD811100B474DE /* SearchResultsViewController.swift */; };
		1DE8EB3328AD81C000B474DE /* AuthManager.swift in Sources */ = {isa = PBXBuildFile; fileRef = 1DE8EB3228AD81C000B474DE /* AuthManager.swift */; };
		1DE8EB3528AD820E00B474DE /* APICaller.swift in Sources */ = {isa = PBXBuildFile; fileRef = 1DE8EB3428AD820E00B474DE /* APICaller.swift */; };
		1DE8EB3728AD828400B474DE /* HapcticsManager.swift in Sources */ = {isa = PBXBuildFile; fileRef = 1DE8EB3628AD828400B474DE /* HapcticsManager.swift */; };
		1DE8EB3928AD832E00B474DE /* Playlist.swift in Sources */ = {isa = PBXBuildFile; fileRef = 1DE8EB3828AD832E00B474DE /* Playlist.swift */; };
		1DE8EB3B28AD835E00B474DE /* AudioTrack.swift in Sources */ = {isa = PBXBuildFile; fileRef = 1DE8EB3A28AD835E00B474DE /* AudioTrack.swift */; };
		1DE8EB3D28AD837C00B474DE /* Artist.swift in Sources */ = {isa = PBXBuildFile; fileRef = 1DE8EB3C28AD837C00B474DE /* Artist.swift */; };
		1DE8EB3F28AD83B100B474DE /* UserProfile.swift in Sources */ = {isa = PBXBuildFile; fileRef = 1DE8EB3E28AD83B100B474DE /* UserProfile.swift */; };
		1DE8EB4228B409CB00B474DE /* Extensions.swift in Sources */ = {isa = PBXBuildFile; fileRef = 1DE8EB4128B409CB00B474DE /* Extensions.swift */; };
/* End PBXBuildFile section */

/* Begin PBXFileReference section */
		1DE8EAFF28AC379200B474DE /* Spotify.app */ = {isa = PBXFileReference; explicitFileType = wrapper.application; includeInIndex = 0; path = Spotify.app; sourceTree = BUILT_PRODUCTS_DIR; };
		1DE8EB0228AC379200B474DE /* AppDelegate.swift */ = {isa = PBXFileReference; lastKnownFileType = sourcecode.swift; path = AppDelegate.swift; sourceTree = "<group>"; };
		1DE8EB0428AC379200B474DE /* SceneDelegate.swift */ = {isa = PBXFileReference; lastKnownFileType = sourcecode.swift; path = SceneDelegate.swift; sourceTree = "<group>"; };
		1DE8EB0628AC379200B474DE /* HomeViewController.swift */ = {isa = PBXFileReference; lastKnownFileType = sourcecode.swift; path = HomeViewController.swift; sourceTree = "<group>"; };
		1DE8EB0B28AC379400B474DE /* Assets.xcassets */ = {isa = PBXFileReference; lastKnownFileType = folder.assetcatalog; path = Assets.xcassets; sourceTree = "<group>"; };
		1DE8EB0E28AC379400B474DE /* Base */ = {isa = PBXFileReference; lastKnownFileType = file.storyboard; name = Base; path = Base.lproj/LaunchScreen.storyboard; sourceTree = "<group>"; };
		1DE8EB1028AC379400B474DE /* Info.plist */ = {isa = PBXFileReference; lastKnownFileType = text.plist.xml; path = Info.plist; sourceTree = "<group>"; };
		1DE8EB1C28AD7BC000B474DE /* TabBarViewController.swift */ = {isa = PBXFileReference; lastKnownFileType = sourcecode.swift; path = TabBarViewController.swift; sourceTree = "<group>"; };
		1DE8EB1E28AD7C4F00B474DE /* SearchViewController.swift */ = {isa = PBXFileReference; lastKnownFileType = sourcecode.swift; path = SearchViewController.swift; sourceTree = "<group>"; };
		1DE8EB2028AD7C8900B474DE /* LibraryViewController.swift */ = {isa = PBXFileReference; lastKnownFileType = sourcecode.swift; path = LibraryViewController.swift; sourceTree = "<group>"; };
		1DE8EB2428AD7F2A00B474DE /* AutiViewController.swift */ = {isa = PBXFileReference; lastKnownFileType = sourcecode.swift; path = AutiViewController.swift; sourceTree = "<group>"; };
		1DE8EB2628AD7F5600B474DE /* WelcomeViewController.swift */ = {isa = PBXFileReference; lastKnownFileType = sourcecode.swift; path = WelcomeViewController.swift; sourceTree = "<group>"; };
		1DE8EB2828AD7FDF00B474DE /* SettingViewController.swift */ = {isa = PBXFileReference; lastKnownFileType = sourcecode.swift; path = SettingViewController.swift; sourceTree = "<group>"; };
		1DE8EB2A28AD804E00B474DE /* ProfileViewController.swift */ = {isa = PBXFileReference; lastKnownFileType = sourcecode.swift; path = ProfileViewController.swift; sourceTree = "<group>"; };
		1DE8EB2C28AD807F00B474DE /* PlayerViewController.swift */ = {isa = PBXFileReference; lastKnownFileType = sourcecode.swift; path = PlayerViewController.swift; sourceTree = "<group>"; };
		1DE8EB2E28AD80AD00B474DE /* PlaylistViewController.swift */ = {isa = PBXFileReference; lastKnownFileType = sourcecode.swift; path = PlaylistViewController.swift; sourceTree = "<group>"; };
		1DE8EB3028AD811100B474DE /* SearchResultsViewController.swift */ = {isa = PBXFileReference; lastKnownFileType = sourcecode.swift; path = SearchResultsViewController.swift; sourceTree = "<group>"; };
		1DE8EB3228AD81C000B474DE /* AuthManager.swift */ = {isa = PBXFileReference; lastKnownFileType = sourcecode.swift; path = AuthManager.swift; sourceTree = "<group>"; };
		1DE8EB3428AD820E00B474DE /* APICaller.swift */ = {isa = PBXFileReference; lastKnownFileType = sourcecode.swift; path = APICaller.swift; sourceTree = "<group>"; };
		1DE8EB3628AD828400B474DE /* HapcticsManager.swift */ = {isa = PBXFileReference; lastKnownFileType = sourcecode.swift; path = HapcticsManager.swift; sourceTree = "<group>"; };
		1DE8EB3828AD832E00B474DE /* Playlist.swift */ = {isa = PBXFileReference; lastKnownFileType = sourcecode.swift; path = Playlist.swift; sourceTree = "<group>"; };
		1DE8EB3A28AD835E00B474DE /* AudioTrack.swift */ = {isa = PBXFileReference; lastKnownFileType = sourcecode.swift; path = AudioTrack.swift; sourceTree = "<group>"; };
		1DE8EB3C28AD837C00B474DE /* Artist.swift */ = {isa = PBXFileReference; lastKnownFileType = sourcecode.swift; path = Artist.swift; sourceTree = "<group>"; };
		1DE8EB3E28AD83B100B474DE /* UserProfile.swift */ = {isa = PBXFileReference; lastKnownFileType = sourcecode.swift; path = UserProfile.swift; sourceTree = "<group>"; };
		1DE8EB4128B409CB00B474DE /* Extensions.swift */ = {isa = PBXFileReference; lastKnownFileType = sourcecode.swift; name = Extensions.swift; path = ../../../spotify/Spotify/Resources/Extensions.swift; sourceTree = "<group>"; };
/* End PBXFileReference section */

/* Begin PBXFrameworksBuildPhase section */
		1DE8EAFC28AC379200B474DE /* Frameworks */ = {
			isa = PBXFrameworksBuildPhase;
			buildActionMask = 2147483647;
			files = (
			);
			runOnlyForDeploymentPostprocessing = 0;
		};
/* End PBXFrameworksBuildPhase section */

/* Begin PBXGroup section */
		1DE8EAF628AC379100B474DE = {
			isa = PBXGroup;
			children = (
				1DE8EB0128AC379200B474DE /* Spotify */,
				1DE8EB0028AC379200B474DE /* Products */,
			);
			sourceTree = "<group>";
		};
		1DE8EB0028AC379200B474DE /* Products */ = {
			isa = PBXGroup;
			children = (
				1DE8EAFF28AC379200B474DE /* Spotify.app */,
			);
			name = Products;
			sourceTree = "<group>";
		};
		1DE8EB0128AC379200B474DE /* Spotify */ = {
			isa = PBXGroup;
			children = (
				1DE8EB1B28AC388000B474DE /* Resources */,
				1DE8EB1A28AC386A00B474DE /* Manager */,
				1DE8EB1928AC383300B474DE /* ViewModels */,
				1DE8EB1828AC381200B474DE /* Models */,
				1DE8EB1728AC37F800B474DE /* View */,
				1DE8EB1628AC37DD00B474DE /* Controllers */,
				1DE8EB1028AC379400B474DE /* Info.plist */,
			);
			path = Spotify;
			sourceTree = "<group>";
		};
		1DE8EB1628AC37DD00B474DE /* Controllers */ = {
			isa = PBXGroup;
			children = (
				1DE8EB2328AD7D3000B474DE /* Other */,
				1DE8EB2228AD7CC700B474DE /* Core */,
			);
			path = Controllers;
			sourceTree = "<group>";
		};
		1DE8EB1728AC37F800B474DE /* View */ = {
			isa = PBXGroup;
			children = (
				1DE8EB0D28AC379400B474DE /* LaunchScreen.storyboard */,
			);
			path = View;
			sourceTree = "<group>";
		};
		1DE8EB1828AC381200B474DE /* Models */ = {
			isa = PBXGroup;
			children = (
				1DE8EB3828AD832E00B474DE /* Playlist.swift */,
				1DE8EB3A28AD835E00B474DE /* AudioTrack.swift */,
				1DE8EB3C28AD837C00B474DE /* Artist.swift */,
				1DE8EB3E28AD83B100B474DE /* UserProfile.swift */,
			);
			path = Models;
			sourceTree = "<group>";
		};
		1DE8EB1928AC383300B474DE /* ViewModels */ = {
			isa = PBXGroup;
			children = (
			);
			path = ViewModels;
			sourceTree = "<group>";
		};
		1DE8EB1A28AC386A00B474DE /* Manager */ = {
			isa = PBXGroup;
			children = (
				1DE8EB3228AD81C000B474DE /* AuthManager.swift */,
				1DE8EB3428AD820E00B474DE /* APICaller.swift */,
				1DE8EB3628AD828400B474DE /* HapcticsManager.swift */,
			);
			path = Manager;
			sourceTree = "<group>";
		};
		1DE8EB1B28AC388000B474DE /* Resources */ = {
			isa = PBXGroup;
			children = (
				1DE8EB0B28AC379400B474DE /* Assets.xcassets */,
				1DE8EB0228AC379200B474DE /* AppDelegate.swift */,
				1DE8EB0428AC379200B474DE /* SceneDelegate.swift */,
				1DE8EB4128B409CB00B474DE /* Extensions.swift */,
			);
			path = Resources;
			sourceTree = "<group>";
		};
		1DE8EB2228AD7CC700B474DE /* Core */ = {
			isa = PBXGroup;
			children = (
				1DE8EB1C28AD7BC000B474DE /* TabBarViewController.swift */,
				1DE8EB0628AC379200B474DE /* HomeViewController.swift */,
				1DE8EB1E28AD7C4F00B474DE /* SearchViewController.swift */,
				1DE8EB2028AD7C8900B474DE /* LibraryViewController.swift */,
			);
			path = Core;
			sourceTree = "<group>";
		};
		1DE8EB2328AD7D3000B474DE /* Other */ = {
			isa = PBXGroup;
			children = (
				1DE8EB2428AD7F2A00B474DE /* AutiViewController.swift */,
				1DE8EB2628AD7F5600B474DE /* WelcomeViewController.swift */,
				1DE8EB2828AD7FDF00B474DE /* SettingViewController.swift */,
				1DE8EB2A28AD804E00B474DE /* ProfileViewController.swift */,
				1DE8EB2C28AD807F00B474DE /* PlayerViewController.swift */,
				1DE8EB2E28AD80AD00B474DE /* PlaylistViewController.swift */,
				1DE8EB3028AD811100B474DE /* SearchResultsViewController.swift */,
			);
			path = Other;
			sourceTree = "<group>";
		};
/* End PBXGroup section */

/* Begin PBXNativeTarget section */
		1DE8EAFE28AC379200B474DE /* Spotify */ = {
			isa = PBXNativeTarget;
			buildConfigurationList = 1DE8EB1328AC379400B474DE /* Build configuration list for PBXNativeTarget "Spotify" */;
			buildPhases = (
				1DE8EAFB28AC379200B474DE /* Sources */,
				1DE8EAFC28AC379200B474DE /* Frameworks */,
				1DE8EAFD28AC379200B474DE /* Resources */,
			);
			buildRules = (
			);
			dependencies = (
			);
			name = Spotify;
			productName = Spotify;
			productReference = 1DE8EAFF28AC379200B474DE /* Spotify.app */;
			productType = "com.apple.product-type.application";
		};
/* End PBXNativeTarget section */

/* Begin PBXProject section */
		1DE8EAF728AC379100B474DE /* Project object */ = {
			isa = PBXProject;
			attributes = {
				BuildIndependentTargetsInParallel = 1;
				LastSwiftUpdateCheck = 1310;
				LastUpgradeCheck = 1310;
				TargetAttributes = {
					1DE8EAFE28AC379200B474DE = {
						CreatedOnToolsVersion = 13.1;
					};
				};
			};
			buildConfigurationList = 1DE8EAFA28AC379100B474DE /* Build configuration list for PBXProject "Spotify" */;
			compatibilityVersion = "Xcode 13.0";
			developmentRegion = en;
			hasScannedForEncodings = 0;
			knownRegions = (
				en,
				Base,
			);
			mainGroup = 1DE8EAF628AC379100B474DE;
			productRefGroup = 1DE8EB0028AC379200B474DE /* Products */;
			projectDirPath = "";
			projectRoot = "";
			targets = (
				1DE8EAFE28AC379200B474DE /* Spotify */,
			);
		};
/* End PBXProject section */

/* Begin PBXResourcesBuildPhase section */
		1DE8EAFD28AC379200B474DE /* Resources */ = {
			isa = PBXResourcesBuildPhase;
			buildActionMask = 2147483647;
			files = (
				1DE8EB0F28AC379400B474DE /* LaunchScreen.storyboard in Resources */,
				1DE8EB0C28AC379400B474DE /* Assets.xcassets in Resources */,
			);
			runOnlyForDeploymentPostprocessing = 0;
		};
/* End PBXResourcesBuildPhase section */

/* Begin PBXSourcesBuildPhase section */
		1DE8EAFB28AC379200B474DE /* Sources */ = {
			isa = PBXSourcesBuildPhase;
			buildActionMask = 2147483647;
			files = (
				1DE8EB1F28AD7C4F00B474DE /* SearchViewController.swift in Sources */,
				1DE8EB3928AD832E00B474DE /* Playlist.swift in Sources */,
				1DE8EB3328AD81C000B474DE /* AuthManager.swift in Sources */,
				1DE8EB3128AD811100B474DE /* SearchResultsViewController.swift in Sources */,
				1DE8EB2728AD7F5600B474DE /* WelcomeViewController.swift in Sources */,
				1DE8EB2B28AD804E00B474DE /* ProfileViewController.swift in Sources */,
				1DE8EB1D28AD7BC000B474DE /* TabBarViewController.swift in Sources */,
				1DE8EB0728AC379200B474DE /* HomeViewController.swift in Sources */,
				1DE8EB3B28AD835E00B474DE /* AudioTrack.swift in Sources */,
				1DE8EB0328AC379200B474DE /* AppDelegate.swift in Sources */,
				1DE8EB2928AD7FDF00B474DE /* SettingViewController.swift in Sources */,
				1DE8EB2128AD7C8900B474DE /* LibraryViewController.swift in Sources */,
				1DE8EB3F28AD83B100B474DE /* UserProfile.swift in Sources */,
				1DE8EB4228B409CB00B474DE /* Extensions.swift in Sources */,
				1DE8EB3728AD828400B474DE /* HapcticsManager.swift in Sources */,
				1DE8EB2F28AD80AD00B474DE /* PlaylistViewController.swift in Sources */,
				1DE8EB0528AC379200B474DE /* SceneDelegate.swift in Sources */,
				1DE8EB2D28AD807F00B474DE /* PlayerViewController.swift in Sources */,
				1DE8EB3528AD820E00B474DE /* APICaller.swift in Sources */,
				1DE8EB3D28AD837C00B474DE /* Artist.swift in Sources */,
				1DE8EB2528AD7F2A00B474DE /* AutiViewController.swift in Sources */,
			);
			runOnlyForDeploymentPostprocessing = 0;
		};
/* End PBXSourcesBuildPhase section */

/* Begin PBXVariantGroup section */
		1DE8EB0D28AC379400B474DE /* LaunchScreen.storyboard */ = {
			isa = PBXVariantGroup;
			children = (
				1DE8EB0E28AC379400B474DE /* Base */,
			);
			name = LaunchScreen.storyboard;
			sourceTree = "<group>";
		};
/* End PBXVariantGroup section */

/* Begin XCBuildConfiguration section */
		1DE8EB1128AC379400B474DE /* Debug */ = {
			isa = XCBuildConfiguration;
			buildSettings = {
				ALWAYS_SEARCH_USER_PATHS = NO;
				CLANG_ANALYZER_NONNULL = YES;
				CLANG_ANALYZER_NUMBER_OBJECT_CONVERSION = YES_AGGRESSIVE;
				CLANG_CXX_LANGUAGE_STANDARD = "gnu++17";
				CLANG_CXX_LIBRARY = "libc++";
				CLANG_ENABLE_MODULES = YES;
				CLANG_ENABLE_OBJC_ARC = YES;
				CLANG_ENABLE_OBJC_WEAK = YES;
				CLANG_WARN_BLOCK_CAPTURE_AUTORELEASING = YES;
				CLANG_WARN_BOOL_CONVERSION = YES;
				CLANG_WARN_COMMA = YES;
				CLANG_WARN_CONSTANT_CONVERSION = YES;
				CLANG_WARN_DEPRECATED_OBJC_IMPLEMENTATIONS = YES;
				CLANG_WARN_DIRECT_OBJC_ISA_USAGE = YES_ERROR;
				CLANG_WARN_DOCUMENTATION_COMMENTS = YES;
				CLANG_WARN_EMPTY_BODY = YES;
				CLANG_WARN_ENUM_CONVERSION = YES;
				CLANG_WARN_INFINITE_RECURSION = YES;
				CLANG_WARN_INT_CONVERSION = YES;
				CLANG_WARN_NON_LITERAL_NULL_CONVERSION = YES;
				CLANG_WARN_OBJC_IMPLICIT_RETAIN_SELF = YES;
				CLANG_WARN_OBJC_LITERAL_CONVERSION = YES;
				CLANG_WARN_OBJC_ROOT_CLASS = YES_ERROR;
				CLANG_WARN_QUOTED_INCLUDE_IN_FRAMEWORK_HEADER = YES;
				CLANG_WARN_RANGE_LOOP_ANALYSIS = YES;
				CLANG_WARN_STRICT_PROTOTYPES = YES;
				CLANG_WARN_SUSPICIOUS_MOVE = YES;
				CLANG_WARN_UNGUARDED_AVAILABILITY = YES_AGGRESSIVE;
				CLANG_WARN_UNREACHABLE_CODE = YES;
				CLANG_WARN__DUPLICATE_METHOD_MATCH = YES;
				COPY_PHASE_STRIP = NO;
				DEBUG_INFORMATION_FORMAT = dwarf;
				ENABLE_STRICT_OBJC_MSGSEND = YES;
				ENABLE_TESTABILITY = YES;
				GCC_C_LANGUAGE_STANDARD = gnu11;
				GCC_DYNAMIC_NO_PIC = NO;
				GCC_NO_COMMON_BLOCKS = YES;
				GCC_OPTIMIZATION_LEVEL = 0;
				GCC_PREPROCESSOR_DEFINITIONS = (
					"DEBUG=1",
					"$(inherited)",
				);
				GCC_WARN_64_TO_32_BIT_CONVERSION = YES;
				GCC_WARN_ABOUT_RETURN_TYPE = YES_ERROR;
				GCC_WARN_UNDECLARED_SELECTOR = YES;
				GCC_WARN_UNINITIALIZED_AUTOS = YES_AGGRESSIVE;
				GCC_WARN_UNUSED_FUNCTION = YES;
				GCC_WARN_UNUSED_VARIABLE = YES;
				IPHONEOS_DEPLOYMENT_TARGET = 15.0;
				MTL_ENABLE_DEBUG_INFO = INCLUDE_SOURCE;
				MTL_FAST_MATH = YES;
				ONLY_ACTIVE_ARCH = YES;
				SDKROOT = iphoneos;
				SWIFT_ACTIVE_COMPILATION_CONDITIONS = DEBUG;
				SWIFT_OPTIMIZATION_LEVEL = "-Onone";
			};
			name = Debug;
		};
		1DE8EB1228AC379400B474DE /* Release */ = {
			isa = XCBuildConfiguration;
			buildSettings = {
				ALWAYS_SEARCH_USER_PATHS = NO;
				CLANG_ANALYZER_NONNULL = YES;
				CLANG_ANALYZER_NUMBER_OBJECT_CONVERSION = YES_AGGRESSIVE;
				CLANG_CXX_LANGUAGE_STANDARD = "gnu++17";
				CLANG_CXX_LIBRARY = "libc++";
				CLANG_ENABLE_MODULES = YES;
				CLANG_ENABLE_OBJC_ARC = YES;
				CLANG_ENABLE_OBJC_WEAK = YES;
				CLANG_WARN_BLOCK_CAPTURE_AUTORELEASING = YES;
				CLANG_WARN_BOOL_CONVERSION = YES;
				CLANG_WARN_COMMA = YES;
				CLANG_WARN_CONSTANT_CONVERSION = YES;
				CLANG_WARN_DEPRECATED_OBJC_IMPLEMENTATIONS = YES;
				CLANG_WARN_DIRECT_OBJC_ISA_USAGE = YES_ERROR;
				CLANG_WARN_DOCUMENTATION_COMMENTS = YES;
				CLANG_WARN_EMPTY_BODY = YES;
				CLANG_WARN_ENUM_CONVERSION = YES;
				CLANG_WARN_INFINITE_RECURSION = YES;
				CLANG_WARN_INT_CONVERSION = YES;
				CLANG_WARN_NON_LITERAL_NULL_CONVERSION = YES;
				CLANG_WARN_OBJC_IMPLICIT_RETAIN_SELF = YES;
				CLANG_WARN_OBJC_LITERAL_CONVERSION = YES;
				CLANG_WARN_OBJC_ROOT_CLASS = YES_ERROR;
				CLANG_WARN_QUOTED_INCLUDE_IN_FRAMEWORK_HEADER = YES;
				CLANG_WARN_RANGE_LOOP_ANALYSIS = YES;
				CLANG_WARN_STRICT_PROTOTYPES = YES;
				CLANG_WARN_SUSPICIOUS_MOVE = YES;
				CLANG_WARN_UNGUARDED_AVAILABILITY = YES_AGGRESSIVE;
				CLANG_WARN_UNREACHABLE_CODE = YES;
				CLANG_WARN__DUPLICATE_METHOD_MATCH = YES;
				COPY_PHASE_STRIP = NO;
				DEBUG_INFORMATION_FORMAT = "dwarf-with-dsym";
				ENABLE_NS_ASSERTIONS = NO;
				ENABLE_STRICT_OBJC_MSGSEND = YES;
				GCC_C_LANGUAGE_STANDARD = gnu11;
				GCC_NO_COMMON_BLOCKS = YES;
				GCC_WARN_64_TO_32_BIT_CONVERSION = YES;
				GCC_WARN_ABOUT_RETURN_TYPE = YES_ERROR;
				GCC_WARN_UNDECLARED_SELECTOR = YES;
				GCC_WARN_UNINITIALIZED_AUTOS = YES_AGGRESSIVE;
				GCC_WARN_UNUSED_FUNCTION = YES;
				GCC_WARN_UNUSED_VARIABLE = YES;
				IPHONEOS_DEPLOYMENT_TARGET = 15.0;
				MTL_ENABLE_DEBUG_INFO = NO;
				MTL_FAST_MATH = YES;
				SDKROOT = iphoneos;
				SWIFT_COMPILATION_MODE = wholemodule;
				SWIFT_OPTIMIZATION_LEVEL = "-O";
				VALIDATE_PRODUCT = YES;
			};
			name = Release;
		};
		1DE8EB1428AC379400B474DE /* Debug */ = {
			isa = XCBuildConfiguration;
			buildSettings = {
				ASSETCATALOG_COMPILER_APPICON_NAME = AppIcon;
				ASSETCATALOG_COMPILER_GLOBAL_ACCENT_COLOR_NAME = AccentColor;
				CODE_SIGN_STYLE = Automatic;
				CURRENT_PROJECT_VERSION = 1;
				GENERATE_INFOPLIST_FILE = YES;
				INFOPLIST_FILE = Spotify/Info.plist;
				INFOPLIST_KEY_UIApplicationSupportsIndirectInputEvents = YES;
				INFOPLIST_KEY_UILaunchStoryboardName = LaunchScreen;
				INFOPLIST_KEY_UISupportedInterfaceOrientations_iPad = "UIInterfaceOrientationPortrait UIInterfaceOrientationPortraitUpsideDown UIInterfaceOrientationLandscapeLeft UIInterfaceOrientationLandscapeRight";
				INFOPLIST_KEY_UISupportedInterfaceOrientations_iPhone = "UIInterfaceOrientationPortrait UIInterfaceOrientationLandscapeLeft UIInterfaceOrientationLandscapeRight";
				LD_RUNPATH_SEARCH_PATHS = (
					"$(inherited)",
					"@executable_path/Frameworks",
				);
				MARKETING_VERSION = 1.0;
				PRODUCT_BUNDLE_IDENTIFIER = fukahori.Spotify;
				PRODUCT_NAME = "$(TARGET_NAME)";
				SWIFT_EMIT_LOC_STRINGS = YES;
				SWIFT_VERSION = 5.0;
				TARGETED_DEVICE_FAMILY = "1,2";
			};
			name = Debug;
		};
		1DE8EB1528AC379400B474DE /* Release */ = {
			isa = XCBuildConfiguration;
			buildSettings = {
				ASSETCATALOG_COMPILER_APPICON_NAME = AppIcon;
				ASSETCATALOG_COMPILER_GLOBAL_ACCENT_COLOR_NAME = AccentColor;
				CODE_SIGN_STYLE = Automatic;
				CURRENT_PROJECT_VERSION = 1;
				GENERATE_INFOPLIST_FILE = YES;
				INFOPLIST_FILE = Spotify/Info.plist;
				INFOPLIST_KEY_UIApplicationSupportsIndirectInputEvents = YES;
				INFOPLIST_KEY_UILaunchStoryboardName = LaunchScreen;
				INFOPLIST_KEY_UISupportedInterfaceOrientations_iPad = "UIInterfaceOrientationPortrait UIInterfaceOrientationPortraitUpsideDown UIInterfaceOrientationLandscapeLeft UIInterfaceOrientationLandscapeRight";
				INFOPLIST_KEY_UISupportedInterfaceOrientations_iPhone = "UIInterfaceOrientationPortrait UIInterfaceOrientationLandscapeLeft UIInterfaceOrientationLandscapeRight";
				LD_RUNPATH_SEARCH_PATHS = (
					"$(inherited)",
					"@executable_path/Frameworks",
				);
				MARKETING_VERSION = 1.0;
				PRODUCT_BUNDLE_IDENTIFIER = fukahori.Spotify;
				PRODUCT_NAME = "$(TARGET_NAME)";
				SWIFT_EMIT_LOC_STRINGS = YES;
				SWIFT_VERSION = 5.0;
				TARGETED_DEVICE_FAMILY = "1,2";
			};
			name = Release;
		};
/* End XCBuildConfiguration section */

/* Begin XCConfigurationList section */
		1DE8EAFA28AC379100B474DE /* Build configuration list for PBXProject "Spotify" */ = {
			isa = XCConfigurationList;
			buildConfigurations = (
				1DE8EB1128AC379400B474DE /* Debug */,
				1DE8EB1228AC379400B474DE /* Release */,
			);
			defaultConfigurationIsVisible = 0;
			defaultConfigurationName = Release;
		};
		1DE8EB1328AC379400B474DE /* Build configuration list for PBXNativeTarget "Spotify" */ = {
			isa = XCConfigurationList;
			buildConfigurations = (
				1DE8EB1428AC379400B474DE /* Debug */,
				1DE8EB1528AC379400B474DE /* Release */,
			);
			defaultConfigurationIsVisible = 0;
			defaultConfigurationName = Release;
		};
/* End XCConfigurationList section */
	};
	rootObject = 1DE8EAF728AC379100B474DE /* Project object */;
}
